
Microsoft Visual Studio Solution File, Format Version 12.00
# Visual Studio Version 17
VisualStudioVersion = 17.5.002.0
MinimumVisualStudioVersion = 10.0.40219.1
Project("{9A19103F-16F7-4668-BE54-9A1E7A4F7556}") = "operatorler", "operatorler.csproj", "{6BDD29AD-CFC8-4380-9D72-9AFB3563323D}"
EndProject
Global
	GlobalSection(SolutionConfigurationPlatforms) = preSolution
		Debug|Any CPU = Debug|Any CPU
		Release|Any CPU = Release|Any CPU
	EndGlobalSection
	GlobalSection(ProjectConfigurationPlatforms) = postSolution
		{6BDD29AD-CFC8-4380-9D72-9AFB3563323D}.Debug|Any CPU.ActiveCfg = Debug|Any CPU
		{6BDD29AD-CFC8-4380-9D72-9AFB3563323D}.Debug|Any CPU.Build.0 = Debug|Any CPU
		{6BDD29AD-CFC8-4380-9D72-9AFB3563323D}.Release|Any CPU.ActiveCfg = Release|Any CPU
		{6BDD29AD-CFC8-4380-9D72-9AFB3563323D}.Release|Any CPU.Build.0 = Release|Any CPU
	EndGlobalSection
	GlobalSection(SolutionProperties) = preSolution
		HideSolutionNode = FALSE
	EndGlobalSection
	GlobalSection(ExtensibilityGlobals) = postSolution
		SolutionGuid = {75968803-E1B4-4724-96ED-A62B7BC2652A}
	EndGlobalSection
EndGlobal
