
Microsoft Visual Studio Solution File, Format Version 12.00
# Visual Studio Version 17
VisualStudioVersion = 17.5.002.0
MinimumVisualStudioVersion = 10.0.40219.1
Project("{9A19103F-16F7-4668-BE54-9A1E7A4F7556}") = "array_1", "array_1.csproj", "{BAD4D0EF-2023-484D-8A87-1182F9877D5B}"
EndProject
Global
	GlobalSection(SolutionConfigurationPlatforms) = preSolution
		Debug|Any CPU = Debug|Any CPU
		Release|Any CPU = Release|Any CPU
	EndGlobalSection
	GlobalSection(ProjectConfigurationPlatforms) = postSolution
		{BAD4D0EF-2023-484D-8A87-1182F9877D5B}.Debug|Any CPU.ActiveCfg = Debug|Any CPU
		{BAD4D0EF-2023-484D-8A87-1182F9877D5B}.Debug|Any CPU.Build.0 = Debug|Any CPU
		{BAD4D0EF-2023-484D-8A87-1182F9877D5B}.Release|Any CPU.ActiveCfg = Release|Any CPU
		{BAD4D0EF-2023-484D-8A87-1182F9877D5B}.Release|Any CPU.Build.0 = Release|Any CPU
	EndGlobalSection
	GlobalSection(SolutionProperties) = preSolution
		HideSolutionNode = FALSE
	EndGlobalSection
	GlobalSection(ExtensibilityGlobals) = postSolution
		SolutionGuid = {05EC89DD-4A2C-4D31-8C37-311B76A7A6F0}
	EndGlobalSection
EndGlobal
